
Microsoft Visual Studio Solution File, Format Version 12.00
# Visual Studio Version 16
VisualStudioVersion = 16.0.30804.86
MinimumVisualStudioVersion = 10.0.40219.1
Project("{FAE04EC0-301F-11D3-BF4B-00C04F79EFBC}") = "AsyncFunctionsCSharp", "AsyncFunctionsCSharp\AsyncFunctionsCSharp.csproj", "{BC6AF9D1-E4A7-46BC-82C1-E0B594E95E75}"
EndProject
Global
	GlobalSection(SolutionConfigurationPlatforms) = preSolution
		Debug|Any CPU = Debug|Any CPU
		Release|Any CPU = Release|Any CPU
	EndGlobalSection
	GlobalSection(ProjectConfigurationPlatforms) = postSolution
		{BC6AF9D1-E4A7-46BC-82C1-E0B594E95E75}.Debug|Any CPU.ActiveCfg = Debug|Any CPU
		{BC6AF9D1-E4A7-46BC-82C1-E0B594E95E75}.Debug|Any CPU.Build.0 = Debug|Any CPU
		{BC6AF9D1-E4A7-46BC-82C1-E0B594E95E75}.Release|Any CPU.ActiveCfg = Release|Any CPU
		{BC6AF9D1-E4A7-46BC-82C1-E0B594E95E75}.Release|Any CPU.Build.0 = Release|Any CPU
	EndGlobalSection
	GlobalSection(SolutionProperties) = preSolution
		HideSolutionNode = FALSE
	EndGlobalSection
	GlobalSection(ExtensibilityGlobals) = postSolution
		SolutionGuid = {87041872-53A2-4C8A-9686-BF891303495C}
	EndGlobalSection
EndGlobal
